
Microsoft Visual Studio Solution File, Format Version 12.00
# Visual Studio Version 17
VisualStudioVersion = 17.3.32519.111
MinimumVisualStudioVersion = 10.0.40219.1
Project("{FAE04EC0-301F-11D3-BF4B-00C04F79EFBC}") = "SocketComm.PingPong", "SocketComm.PingPong\SocketComm.PingPong.csproj", "{C201F64D-373C-47DB-A29F-9B779863DCF4}"
EndProject
Project("{FAE04EC0-301F-11D3-BF4B-00C04F79EFBC}") = "SocketComm", "SocketComm\SocketComm.csproj", "{29109F58-D7AF-4FEE-8189-140CED20BC56}"
EndProject
Global
	GlobalSection(SolutionConfigurationPlatforms) = preSolution
		Debug|Any CPU = Debug|Any CPU
		Release|Any CPU = Release|Any CPU
	EndGlobalSection
	GlobalSection(ProjectConfigurationPlatforms) = postSolution
		{C201F64D-373C-47DB-A29F-9B779863DCF4}.Debug|Any CPU.ActiveCfg = Debug|Any CPU
		{C201F64D-373C-47DB-A29F-9B779863DCF4}.Debug|Any CPU.Build.0 = Debug|Any CPU
		{C201F64D-373C-47DB-A29F-9B779863DCF4}.Release|Any CPU.ActiveCfg = Release|Any CPU
		{C201F64D-373C-47DB-A29F-9B779863DCF4}.Release|Any CPU.Build.0 = Release|Any CPU
		{29109F58-D7AF-4FEE-8189-140CED20BC56}.Debug|Any CPU.ActiveCfg = Debug|Any CPU
		{29109F58-D7AF-4FEE-8189-140CED20BC56}.Debug|Any CPU.Build.0 = Debug|Any CPU
		{29109F58-D7AF-4FEE-8189-140CED20BC56}.Release|Any CPU.ActiveCfg = Release|Any CPU
		{29109F58-D7AF-4FEE-8189-140CED20BC56}.Release|Any CPU.Build.0 = Release|Any CPU
	EndGlobalSection
	GlobalSection(SolutionProperties) = preSolution
		HideSolutionNode = FALSE
	EndGlobalSection
	GlobalSection(ExtensibilityGlobals) = postSolution
		SolutionGuid = {77531266-8B8D-4C1A-B1D2-63AE8F0F088E}
	EndGlobalSection
EndGlobal
